
Microsoft Visual Studio Solution File, Format Version 12.00
# Visual Studio Version 16
VisualStudioVersion = 16.0.30804.86
MinimumVisualStudioVersion = 10.0.40219.1
Project("{FAE04EC0-301F-11D3-BF4B-00C04F79EFBC}") = "HeightMapTo3dTerrain", "HeightMapTo3dTerrain\HeightMapTo3dTerrain.csproj", "{854C4ED5-5C58-49D3-A5D2-95086268219C}"
EndProject
Global
	GlobalSection(SolutionConfigurationPlatforms) = preSolution
		Debug|Any CPU = Debug|Any CPU
		Release|Any CPU = Release|Any CPU
	EndGlobalSection
	GlobalSection(ProjectConfigurationPlatforms) = postSolution
		{854C4ED5-5C58-49D3-A5D2-95086268219C}.Debug|Any CPU.ActiveCfg = Debug|Any CPU
		{854C4ED5-5C58-49D3-A5D2-95086268219C}.Debug|Any CPU.Build.0 = Debug|Any CPU
		{854C4ED5-5C58-49D3-A5D2-95086268219C}.Release|Any CPU.ActiveCfg = Release|Any CPU
		{854C4ED5-5C58-49D3-A5D2-95086268219C}.Release|Any CPU.Build.0 = Release|Any CPU
	EndGlobalSection
	GlobalSection(SolutionProperties) = preSolution
		HideSolutionNode = FALSE
	EndGlobalSection
	GlobalSection(ExtensibilityGlobals) = postSolution
		SolutionGuid = {53CC646C-AAF4-4A3A-98C6-363FED02CDBA}
	EndGlobalSection
EndGlobal
